<?xml version="1.0" encoding="utf-8"?>
<Project ToolsVersion="4.0" xmlns="http://schemas.microsoft.com/developer/msbuild/2003">
  <ItemGroup>
    <Filter Include="Source Files">
      <UniqueIdentifier>{4FC737F1-C7A5-4376-A066-2A32D752A2FF}</UniqueIdentifier>
      <Extensions>cpp;c;cc;cxx;def;odl;idl;hpj;bat;asm;asmx</Extensions>
    </Filter>
    <Filter Include="Header Files">
      <UniqueIdentifier>{93995380-89BD-4b04-88EB-625FBE52EBFB}</UniqueIdentifier>
      <Extensions>h;hpp;hxx;hm;inl;inc;xsd</Extensions>
    </Filter>
    <Filter Include="Resource Files">
      <UniqueIdentifier>{67DA6AB6-F800-4c08-8B7A-83BB121AAD01}</UniqueIdentifier>
      <Extensions>rc;ico;cur;bmp;dlg;rc2;rct;bin;rgs;gif;jpg;jpeg;jpe;resx;tiff;tif;png;wav;mfcribbon-ms</Extensions>
    </Filter>
  </ItemGroup>
  <ItemGroup>
    <ClCompile Include="main.cpp">
      <Filter>Source Files</Filter>
    </ClCompile>
    <ClCompile Include="COneDimensionalSearch.cpp">
      <Filter>Source Files</Filter>
    </ClCompile>
    <ClCompile Include="Param.cpp">
      <Filter>Source Files</Filter>
    </ClCompile>
    <ClCompile Include="MethodsOneDimensionalSearch.cpp">
      <Filter>Source Files</Filter>
    </ClCompile>
    <ClCompile Include="CFunction.cpp">
      <Filter>Source Files</Filter>
    </ClCompile>
    <ClCompile Include="Func.cpp">
      <Filter>Source Files</Filter>
    </ClCompile>
    <ClCompile Include="CData.cpp">
      <Filter>Source Files</Filter>
    </ClCompile>
    <ClCompile Include="CMethodsSearch.cpp">
      <Filter>Source Files</Filter>
    </ClCompile>
    <ClCompile Include="CMultiDimensionalSearch.cpp">
      <Filter>Source Files</Filter>
    </ClCompile>
    <ClCompile Include="MethodsMultiDimensionalSearch.cpp">
      <Filter>Source Files</Filter>
    </ClCompile>
    <ClCompile Include="MethodsOneDimensionalMultiSearch.cpp">
      <Filter>Source Files</Filter>
    </ClCompile>
    <ClCompile Include="MethodsMultiDimensionalWithOneSearch.cpp">
      <Filter>Source Files</Filter>
    </ClCompile>
    <ClCompile Include="CFunc.cpp">
      <Filter>Source Files</Filter>
    </ClCompile>
  </ItemGroup>
  <ItemGroup>
    <ClInclude Include="Param.h">
      <Filter>Header Files</Filter>
    </ClInclude>
    <ClInclude Include="COneDimensionalSearch.h">
      <Filter>Header Files</Filter>
    </ClInclude>
    <ClInclude Include="CFunction.h">
      <Filter>Header Files</Filter>
    </ClInclude>
    <ClInclude Include="MethodsOneDimensionalSearch.h">
      <Filter>Header Files</Filter>
    </ClInclude>
    <ClInclude Include="Methods.h">
      <Filter>Header Files</Filter>
    </ClInclude>
    <ClInclude Include="Func.h">
      <Filter>Header Files</Filter>
    </ClInclude>
    <ClInclude Include="CData.h">
      <Filter>Header Files</Filter>
    </ClInclude>
    <ClInclude Include="CMethodsSearch.h">
      <Filter>Header Files</Filter>
    </ClInclude>
    <ClInclude Include="CMultiDimensionalSearch.h">
      <Filter>Header Files</Filter>
    </ClInclude>
    <ClInclude Include="MethodsMultiDimensionalSearch.h">
      <Filter>Header Files</Filter>
    </ClInclude>
    <ClInclude Include="MethodsOneDimensionalMultiSearch.h">
      <Filter>Header Files</Filter>
    </ClInclude>
    <ClInclude Include="MethodsMultiDimensionalWithOneSearch.h">
      <Filter>Header Files</Filter>
    </ClInclude>
    <ClInclude Include="CFunc.h">
      <Filter>Header Files</Filter>
    </ClInclude>
  </ItemGroup>
  <ItemGroup>
    <None Include="MethodsUML.cd" />
  </ItemGroup>
</Project>