<?xml version="1.0" encoding="utf-8"?>
<Project ToolsVersion="4.0" xmlns="http://schemas.microsoft.com/developer/msbuild/2003">
  <ItemGroup>
    <Filter Include="Source Files">
      <UniqueIdentifier>{4FC737F1-C7A5-4376-A066-2A32D752A2FF}</UniqueIdentifier>
      <Extensions>cpp;c;cc;cxx;def;odl;idl;hpj;bat;asm;asmx</Extensions>
    </Filter>
    <Filter Include="Header Files">
      <UniqueIdentifier>{93995380-89BD-4b04-88EB-625FBE52EBFB}</UniqueIdentifier>
      <Extensions>h;hpp;hxx;hm;inl;inc;xsd</Extensions>
    </Filter>
    <Filter Include="Resource Files">
      <UniqueIdentifier>{67DA6AB6-F800-4c08-8B7A-83BB121AAD01}</UniqueIdentifier>
      <Extensions>rc;ico;cur;bmp;dlg;rc2;rct;bin;rgs;gif;jpg;jpeg;jpe;resx;tiff;tif;png;wav;mfcribbon-ms</Extensions>
    </Filter>
  </ItemGroup>
  <ItemGroup>
    <None Include="ReadMe.txt" />
  </ItemGroup>
  <ItemGroup>
    <ClInclude Include="include\Methods.h">
      <Filter>Header Files</Filter>
    </ClInclude>
    <ClInclude Include="include\MethodsMultiDimensionalSearch.h">
      <Filter>Header Files</Filter>
    </ClInclude>
    <ClInclude Include="include\MethodsMultiDimensionalWithOneSearch.h">
      <Filter>Header Files</Filter>
    </ClInclude>
    <ClInclude Include="include\MethodsOneDimensionalMultiSearch.h">
      <Filter>Header Files</Filter>
    </ClInclude>
    <ClInclude Include="include\MethodsOneDimensionalSearch.h">
      <Filter>Header Files</Filter>
    </ClInclude>
    <ClInclude Include="include\Param.h">
      <Filter>Header Files</Filter>
    </ClInclude>
    <ClInclude Include="include\common.h">
      <Filter>Header Files</Filter>
    </ClInclude>
    <ClInclude Include="include\Data.h">
      <Filter>Header Files</Filter>
    </ClInclude>
    <ClInclude Include="include\Func.h">
      <Filter>Header Files</Filter>
    </ClInclude>
    <ClInclude Include="include\Function.h">
      <Filter>Header Files</Filter>
    </ClInclude>
    <ClInclude Include="include\MethodsSearch.h">
      <Filter>Header Files</Filter>
    </ClInclude>
    <ClInclude Include="include\MultiDimensionalSearch.h">
      <Filter>Header Files</Filter>
    </ClInclude>
    <ClInclude Include="include\OneDimensionalSearch.h">
      <Filter>Header Files</Filter>
    </ClInclude>
    <ClInclude Include="include\CompareMethod.h">
      <Filter>Header Files</Filter>
    </ClInclude>
    <ClInclude Include="include\CompareData.h">
      <Filter>Header Files</Filter>
    </ClInclude>
    <ClInclude Include="include\MethodsGeneryAlgorithm.h">
      <Filter>Header Files</Filter>
    </ClInclude>
  </ItemGroup>
  <ItemGroup>
    <ClCompile Include="src\MethodsMultiDimensionalSearch.cpp">
      <Filter>Source Files</Filter>
    </ClCompile>
    <ClCompile Include="src\MethodsMultiDimensionalWithOneSearch.cpp">
      <Filter>Source Files</Filter>
    </ClCompile>
    <ClCompile Include="src\MethodsOneDimensionalMultiSearch.cpp">
      <Filter>Source Files</Filter>
    </ClCompile>
    <ClCompile Include="src\MethodsOneDimensionalSearch.cpp">
      <Filter>Source Files</Filter>
    </ClCompile>
    <ClCompile Include="src\Param.cpp">
      <Filter>Source Files</Filter>
    </ClCompile>
    <ClCompile Include="src\Data.cpp">
      <Filter>Source Files</Filter>
    </ClCompile>
    <ClCompile Include="src\Func.cpp">
      <Filter>Source Files</Filter>
    </ClCompile>
    <ClCompile Include="src\Function.cpp">
      <Filter>Source Files</Filter>
    </ClCompile>
    <ClCompile Include="src\MethodsSearch.cpp">
      <Filter>Source Files</Filter>
    </ClCompile>
    <ClCompile Include="src\OneDimensionalSearch.cpp">
      <Filter>Source Files</Filter>
    </ClCompile>
    <ClCompile Include="src\MultiDimensionalSearch.cpp">
      <Filter>Source Files</Filter>
    </ClCompile>
    <ClCompile Include="include\CompareMethod.cpp">
      <Filter>Source Files</Filter>
    </ClCompile>
    <ClCompile Include="include\CompareData.cpp">
      <Filter>Source Files</Filter>
    </ClCompile>
    <ClCompile Include="src\MethodsGeneryAlgorithm.cpp">
      <Filter>Source Files</Filter>
    </ClCompile>
  </ItemGroup>
</Project>